
Microsoft Visual Studio Solution File, Format Version 12.00
# Visual Studio 15
VisualStudioVersion = 15.0.26730.12
MinimumVisualStudioVersion = 10.0.40219.1
Project("{8BC9CEB8-8B4A-11D0-8D11-00A0C91BC942}") = "skyrim64_test", "skyrim64_test\skyrim64_test.vcxproj", "{BF4A1EFE-0BD9-49A1-BC02-2FA53027B0D7}"
EndProject
Project("{8BC9CEB8-8B4A-11D0-8D11-00A0C91BC942}") = "detours", "skyrim64_test\detours\detours\detours.vcxproj", "{06E30C65-D79A-4FEC-8A60-B36D907E6601}"
EndProject
Global
	GlobalSection(SolutionConfigurationPlatforms) = preSolution
		Debug|x64 = Debug|x64
		Debug|x86 = Debug|x86
		Release|x64 = Release|x64
		Release|x86 = Release|x86
	EndGlobalSection
	GlobalSection(ProjectConfigurationPlatforms) = postSolution
		{BF4A1EFE-0BD9-49A1-BC02-2FA53027B0D7}.Debug|x64.ActiveCfg = Debug|x64
		{BF4A1EFE-0BD9-49A1-BC02-2FA53027B0D7}.Debug|x64.Build.0 = Debug|x64
		{BF4A1EFE-0BD9-49A1-BC02-2FA53027B0D7}.Debug|x86.ActiveCfg = Debug|Win32
		{BF4A1EFE-0BD9-49A1-BC02-2FA53027B0D7}.Debug|x86.Build.0 = Debug|Win32
		{BF4A1EFE-0BD9-49A1-BC02-2FA53027B0D7}.Release|x64.ActiveCfg = Release|x64
		{BF4A1EFE-0BD9-49A1-BC02-2FA53027B0D7}.Release|x64.Build.0 = Release|x64
		{BF4A1EFE-0BD9-49A1-BC02-2FA53027B0D7}.Release|x86.ActiveCfg = Release|Win32
		{BF4A1EFE-0BD9-49A1-BC02-2FA53027B0D7}.Release|x86.Build.0 = Release|Win32
		{06E30C65-D79A-4FEC-8A60-B36D907E6601}.Debug|x64.ActiveCfg = Debug|x64
		{06E30C65-D79A-4FEC-8A60-B36D907E6601}.Debug|x64.Build.0 = Debug|x64
		{06E30C65-D79A-4FEC-8A60-B36D907E6601}.Debug|x86.ActiveCfg = Debug|Win32
		{06E30C65-D79A-4FEC-8A60-B36D907E6601}.Debug|x86.Build.0 = Debug|Win32
		{06E30C65-D79A-4FEC-8A60-B36D907E6601}.Release|x64.ActiveCfg = Release|x64
		{06E30C65-D79A-4FEC-8A60-B36D907E6601}.Release|x64.Build.0 = Release|x64
		{06E30C65-D79A-4FEC-8A60-B36D907E6601}.Release|x86.ActiveCfg = Release|Win32
		{06E30C65-D79A-4FEC-8A60-B36D907E6601}.Release|x86.Build.0 = Release|Win32
	EndGlobalSection
	GlobalSection(SolutionProperties) = preSolution
		HideSolutionNode = FALSE
	EndGlobalSection
	GlobalSection(ExtensibilityGlobals) = postSolution
		SolutionGuid = {5EA1DD21-4AFA-4007-AA5A-0D8E063E8C04}
	EndGlobalSection
EndGlobal
