
Microsoft Visual Studio Solution File, Format Version 12.00
# Visual Studio Version 16
VisualStudioVersion = 16.0.28922.388
MinimumVisualStudioVersion = 10.0.40219.1
Project("{8BC9CEB8-8B4A-11D0-8D11-00A0C91BC942}") = "skyrim64_test", "skyrim64_test\skyrim64_test.vcxproj", "{BF4A1EFE-0BD9-49A1-BC02-2FA53027B0D7}"
EndProject
Project("{8BC9CEB8-8B4A-11D0-8D11-00A0C91BC942}") = "skyrim64_tls_mt", "skyrim64_tls_mt\skyrim64_tls_mt.vcxproj", "{0C4CE682-CF6C-47B4-A206-FC85AEA8F8D6}"
	ProjectSection(ProjectDependencies) = postProject
		{B15F131E-328A-4D42-ADC2-9FF4CA6306D8} = {B15F131E-328A-4D42-ADC2-9FF4CA6306D8}
		{D6B52647-C4AF-4A0A-9DB6-4B7D4D276777} = {D6B52647-C4AF-4A0A-9DB6-4B7D4D276777}
		{413F4A50-5DF5-411D-A2B1-729054F66C70} = {413F4A50-5DF5-411D-A2B1-729054F66C70}
		{C52CA55B-1B6E-4725-8FA8-9817113801DC} = {C52CA55B-1B6E-4725-8FA8-9817113801DC}
		{F7CD315E-4F76-466E-AFFD-6EDAAFC869AD} = {F7CD315E-4F76-466E-AFFD-6EDAAFC869AD}
		{F62787DD-1327-448B-9818-030062BCFAA5} = {F62787DD-1327-448B-9818-030062BCFAA5}
	EndProjectSection
EndProject
Project("{FAE04EC0-301F-11D3-BF4B-00C04F79EFBC}") = "shader_analyzer", "shader_analyzer\shader_analyzer.csproj", "{FCCE373F-8505-4684-A139-9ECDB74F347A}"
EndProject
Project("{8BC9CEB8-8B4A-11D0-8D11-00A0C91BC942}") = "libimgui", "Dependencies\libimgui.vcxproj", "{D6B52647-C4AF-4A0A-9DB6-4B7D4D276777}"
EndProject
Project("{8BC9CEB8-8B4A-11D0-8D11-00A0C91BC942}") = "libmeshoptimizer", "Dependencies\libmeshoptimizer.vcxproj", "{413F4A50-5DF5-411D-A2B1-729054F66C70}"
EndProject
Project("{8BC9CEB8-8B4A-11D0-8D11-00A0C91BC942}") = "libmoc", "Dependencies\libmoc.vcxproj", "{F7CD315E-4F76-466E-AFFD-6EDAAFC869AD}"
EndProject
Project("{8BC9CEB8-8B4A-11D0-8D11-00A0C91BC942}") = "libzydis", "Dependencies\libzydis.vcxproj", "{C52CA55B-1B6E-4725-8FA8-9817113801DC}"
EndProject
Project("{8BC9CEB8-8B4A-11D0-8D11-00A0C91BC942}") = "tbb", "Dependencies\tbb\build\vs2013\tbb.vcxproj", "{F62787DD-1327-448B-9818-030062BCFAA5}"
EndProject
Project("{8BC9CEB8-8B4A-11D0-8D11-00A0C91BC942}") = "tbbmalloc", "Dependencies\tbb\build\vs2013\tbbmalloc.vcxproj", "{B15F131E-328A-4D42-ADC2-9FF4CA6306D8}"
EndProject
Project("{8BC9CEB8-8B4A-11D0-8D11-00A0C91BC942}") = "libdeflate", "Dependencies\libdeflate.vcxproj", "{9E771CA4-04D9-4ED8-80F2-FFD379413688}"
EndProject
Project("{8BC9CEB8-8B4A-11D0-8D11-00A0C91BC942}") = "skyrim32_ckt", "skyrim32_ckt\skyrim32_ckt.vcxproj", "{481763E4-7108-4CDA-A8A0-A4A15A2D841C}"
EndProject
Project("{8BC9CEB8-8B4A-11D0-8D11-00A0C91BC942}") = "detours", "Dependencies\detours\detours\detours.vcxproj", "{06E30C65-D79A-4FEC-8A60-B36D907E6601}"
EndProject
Global
	GlobalSection(SolutionConfigurationPlatforms) = preSolution
		Debug|Any CPU = Debug|Any CPU
		Debug|x64 = Debug|x64
		Debug|x86 = Debug|x86
		Debug-MT|Any CPU = Debug-MT|Any CPU
		Debug-MT|x64 = Debug-MT|x64
		Debug-MT|x86 = Debug-MT|x86
		EditAndContinue|Any CPU = EditAndContinue|Any CPU
		EditAndContinue|x64 = EditAndContinue|x64
		EditAndContinue|x86 = EditAndContinue|x86
		Release|Any CPU = Release|Any CPU
		Release|x64 = Release|x64
		Release|x86 = Release|x86
		Release-MT|Any CPU = Release-MT|Any CPU
		Release-MT|x64 = Release-MT|x64
		Release-MT|x86 = Release-MT|x86
	EndGlobalSection
	GlobalSection(ProjectConfigurationPlatforms) = postSolution
		{BF4A1EFE-0BD9-49A1-BC02-2FA53027B0D7}.Debug|Any CPU.ActiveCfg = Debug|x64
		{BF4A1EFE-0BD9-49A1-BC02-2FA53027B0D7}.Debug|x64.ActiveCfg = Debug|x64
		{BF4A1EFE-0BD9-49A1-BC02-2FA53027B0D7}.Debug|x64.Build.0 = Debug|x64
		{BF4A1EFE-0BD9-49A1-BC02-2FA53027B0D7}.Debug|x86.ActiveCfg = Debug|x64
		{BF4A1EFE-0BD9-49A1-BC02-2FA53027B0D7}.Debug-MT|Any CPU.ActiveCfg = Release|x64
		{BF4A1EFE-0BD9-49A1-BC02-2FA53027B0D7}.Debug-MT|Any CPU.Build.0 = Release|x64
		{BF4A1EFE-0BD9-49A1-BC02-2FA53027B0D7}.Debug-MT|x64.ActiveCfg = Debug|x64
		{BF4A1EFE-0BD9-49A1-BC02-2FA53027B0D7}.Debug-MT|x64.Build.0 = Debug|x64
		{BF4A1EFE-0BD9-49A1-BC02-2FA53027B0D7}.Debug-MT|x86.ActiveCfg = Release|x64
		{BF4A1EFE-0BD9-49A1-BC02-2FA53027B0D7}.Debug-MT|x86.Build.0 = Release|x64
		{BF4A1EFE-0BD9-49A1-BC02-2FA53027B0D7}.EditAndContinue|Any CPU.ActiveCfg = EditAndContinue|x64
		{BF4A1EFE-0BD9-49A1-BC02-2FA53027B0D7}.EditAndContinue|x64.ActiveCfg = EditAndContinue|x64
		{BF4A1EFE-0BD9-49A1-BC02-2FA53027B0D7}.EditAndContinue|x64.Build.0 = EditAndContinue|x64
		{BF4A1EFE-0BD9-49A1-BC02-2FA53027B0D7}.EditAndContinue|x86.ActiveCfg = EditAndContinue|x64
		{BF4A1EFE-0BD9-49A1-BC02-2FA53027B0D7}.Release|Any CPU.ActiveCfg = Release|x64
		{BF4A1EFE-0BD9-49A1-BC02-2FA53027B0D7}.Release|x64.ActiveCfg = Release|x64
		{BF4A1EFE-0BD9-49A1-BC02-2FA53027B0D7}.Release|x64.Build.0 = Release|x64
		{BF4A1EFE-0BD9-49A1-BC02-2FA53027B0D7}.Release|x86.ActiveCfg = Release|x64
		{BF4A1EFE-0BD9-49A1-BC02-2FA53027B0D7}.Release-MT|Any CPU.ActiveCfg = Release|x64
		{BF4A1EFE-0BD9-49A1-BC02-2FA53027B0D7}.Release-MT|Any CPU.Build.0 = Release|x64
		{BF4A1EFE-0BD9-49A1-BC02-2FA53027B0D7}.Release-MT|x64.ActiveCfg = Release|x64
		{BF4A1EFE-0BD9-49A1-BC02-2FA53027B0D7}.Release-MT|x64.Build.0 = Release|x64
		{BF4A1EFE-0BD9-49A1-BC02-2FA53027B0D7}.Release-MT|x86.ActiveCfg = Release|x64
		{BF4A1EFE-0BD9-49A1-BC02-2FA53027B0D7}.Release-MT|x86.Build.0 = Release|x64
		{0C4CE682-CF6C-47B4-A206-FC85AEA8F8D6}.Debug|Any CPU.ActiveCfg = Debug|x64
		{0C4CE682-CF6C-47B4-A206-FC85AEA8F8D6}.Debug|x64.ActiveCfg = Debug|x64
		{0C4CE682-CF6C-47B4-A206-FC85AEA8F8D6}.Debug|x64.Build.0 = Debug|x64
		{0C4CE682-CF6C-47B4-A206-FC85AEA8F8D6}.Debug|x86.ActiveCfg = Debug|x64
		{0C4CE682-CF6C-47B4-A206-FC85AEA8F8D6}.Debug-MT|Any CPU.ActiveCfg = Release|x64
		{0C4CE682-CF6C-47B4-A206-FC85AEA8F8D6}.Debug-MT|Any CPU.Build.0 = Release|x64
		{0C4CE682-CF6C-47B4-A206-FC85AEA8F8D6}.Debug-MT|x64.ActiveCfg = Debug|x64
		{0C4CE682-CF6C-47B4-A206-FC85AEA8F8D6}.Debug-MT|x64.Build.0 = Debug|x64
		{0C4CE682-CF6C-47B4-A206-FC85AEA8F8D6}.Debug-MT|x86.ActiveCfg = Release|x64
		{0C4CE682-CF6C-47B4-A206-FC85AEA8F8D6}.Debug-MT|x86.Build.0 = Release|x64
		{0C4CE682-CF6C-47B4-A206-FC85AEA8F8D6}.EditAndContinue|Any CPU.ActiveCfg = EditAndContinue|x64
		{0C4CE682-CF6C-47B4-A206-FC85AEA8F8D6}.EditAndContinue|x64.ActiveCfg = EditAndContinue|x64
		{0C4CE682-CF6C-47B4-A206-FC85AEA8F8D6}.EditAndContinue|x64.Build.0 = EditAndContinue|x64
		{0C4CE682-CF6C-47B4-A206-FC85AEA8F8D6}.EditAndContinue|x86.ActiveCfg = EditAndContinue|x64
		{0C4CE682-CF6C-47B4-A206-FC85AEA8F8D6}.Release|Any CPU.ActiveCfg = Release|x64
		{0C4CE682-CF6C-47B4-A206-FC85AEA8F8D6}.Release|x64.ActiveCfg = Release|x64
		{0C4CE682-CF6C-47B4-A206-FC85AEA8F8D6}.Release|x64.Build.0 = Release|x64
		{0C4CE682-CF6C-47B4-A206-FC85AEA8F8D6}.Release|x86.ActiveCfg = Release|x64
		{0C4CE682-CF6C-47B4-A206-FC85AEA8F8D6}.Release-MT|Any CPU.ActiveCfg = Release|x64
		{0C4CE682-CF6C-47B4-A206-FC85AEA8F8D6}.Release-MT|Any CPU.Build.0 = Release|x64
		{0C4CE682-CF6C-47B4-A206-FC85AEA8F8D6}.Release-MT|x64.ActiveCfg = Release|x64
		{0C4CE682-CF6C-47B4-A206-FC85AEA8F8D6}.Release-MT|x64.Build.0 = Release|x64
		{0C4CE682-CF6C-47B4-A206-FC85AEA8F8D6}.Release-MT|x86.ActiveCfg = Release|x64
		{0C4CE682-CF6C-47B4-A206-FC85AEA8F8D6}.Release-MT|x86.Build.0 = Release|x64
		{FCCE373F-8505-4684-A139-9ECDB74F347A}.Debug|Any CPU.ActiveCfg = Debug|Any CPU
		{FCCE373F-8505-4684-A139-9ECDB74F347A}.Debug|Any CPU.Build.0 = Debug|Any CPU
		{FCCE373F-8505-4684-A139-9ECDB74F347A}.Debug|x64.ActiveCfg = Debug|Any CPU
		{FCCE373F-8505-4684-A139-9ECDB74F347A}.Debug|x64.Build.0 = Debug|Any CPU
		{FCCE373F-8505-4684-A139-9ECDB74F347A}.Debug|x86.ActiveCfg = Debug|Any CPU
		{FCCE373F-8505-4684-A139-9ECDB74F347A}.Debug|x86.Build.0 = Debug|Any CPU
		{FCCE373F-8505-4684-A139-9ECDB74F347A}.Debug-MT|Any CPU.ActiveCfg = Debug|Any CPU
		{FCCE373F-8505-4684-A139-9ECDB74F347A}.Debug-MT|Any CPU.Build.0 = Debug|Any CPU
		{FCCE373F-8505-4684-A139-9ECDB74F347A}.Debug-MT|x64.ActiveCfg = Debug|Any CPU
		{FCCE373F-8505-4684-A139-9ECDB74F347A}.Debug-MT|x64.Build.0 = Debug|Any CPU
		{FCCE373F-8505-4684-A139-9ECDB74F347A}.Debug-MT|x86.ActiveCfg = Debug|Any CPU
		{FCCE373F-8505-4684-A139-9ECDB74F347A}.Debug-MT|x86.Build.0 = Debug|Any CPU
		{FCCE373F-8505-4684-A139-9ECDB74F347A}.EditAndContinue|Any CPU.ActiveCfg = Release|Any CPU
		{FCCE373F-8505-4684-A139-9ECDB74F347A}.EditAndContinue|Any CPU.Build.0 = Release|Any CPU
		{FCCE373F-8505-4684-A139-9ECDB74F347A}.EditAndContinue|x64.ActiveCfg = Release|Any CPU
		{FCCE373F-8505-4684-A139-9ECDB74F347A}.EditAndContinue|x64.Build.0 = Release|Any CPU
		{FCCE373F-8505-4684-A139-9ECDB74F347A}.EditAndContinue|x86.ActiveCfg = Release|Any CPU
		{FCCE373F-8505-4684-A139-9ECDB74F347A}.EditAndContinue|x86.Build.0 = Release|Any CPU
		{FCCE373F-8505-4684-A139-9ECDB74F347A}.Release|Any CPU.ActiveCfg = Release|Any CPU
		{FCCE373F-8505-4684-A139-9ECDB74F347A}.Release|Any CPU.Build.0 = Release|Any CPU
		{FCCE373F-8505-4684-A139-9ECDB74F347A}.Release|x64.ActiveCfg = Release|Any CPU
		{FCCE373F-8505-4684-A139-9ECDB74F347A}.Release|x64.Build.0 = Release|Any CPU
		{FCCE373F-8505-4684-A139-9ECDB74F347A}.Release|x86.ActiveCfg = Release|Any CPU
		{FCCE373F-8505-4684-A139-9ECDB74F347A}.Release|x86.Build.0 = Release|Any CPU
		{FCCE373F-8505-4684-A139-9ECDB74F347A}.Release-MT|Any CPU.ActiveCfg = Release|Any CPU
		{FCCE373F-8505-4684-A139-9ECDB74F347A}.Release-MT|Any CPU.Build.0 = Release|Any CPU
		{FCCE373F-8505-4684-A139-9ECDB74F347A}.Release-MT|x64.ActiveCfg = Release|Any CPU
		{FCCE373F-8505-4684-A139-9ECDB74F347A}.Release-MT|x64.Build.0 = Release|Any CPU
		{FCCE373F-8505-4684-A139-9ECDB74F347A}.Release-MT|x86.ActiveCfg = Release|Any CPU
		{FCCE373F-8505-4684-A139-9ECDB74F347A}.Release-MT|x86.Build.0 = Release|Any CPU
		{D6B52647-C4AF-4A0A-9DB6-4B7D4D276777}.Debug|Any CPU.ActiveCfg = Debug|Win32
		{D6B52647-C4AF-4A0A-9DB6-4B7D4D276777}.Debug|x64.ActiveCfg = Debug|x64
		{D6B52647-C4AF-4A0A-9DB6-4B7D4D276777}.Debug|x64.Build.0 = Debug|x64
		{D6B52647-C4AF-4A0A-9DB6-4B7D4D276777}.Debug|x86.ActiveCfg = Debug|Win32
		{D6B52647-C4AF-4A0A-9DB6-4B7D4D276777}.Debug|x86.Build.0 = Debug|Win32
		{D6B52647-C4AF-4A0A-9DB6-4B7D4D276777}.Debug-MT|Any CPU.ActiveCfg = Release|x64
		{D6B52647-C4AF-4A0A-9DB6-4B7D4D276777}.Debug-MT|Any CPU.Build.0 = Release|x64
		{D6B52647-C4AF-4A0A-9DB6-4B7D4D276777}.Debug-MT|x64.ActiveCfg = Debug|x64
		{D6B52647-C4AF-4A0A-9DB6-4B7D4D276777}.Debug-MT|x64.Build.0 = Debug|x64
		{D6B52647-C4AF-4A0A-9DB6-4B7D4D276777}.Debug-MT|x86.ActiveCfg = Debug|Win32
		{D6B52647-C4AF-4A0A-9DB6-4B7D4D276777}.Debug-MT|x86.Build.0 = Debug|Win32
		{D6B52647-C4AF-4A0A-9DB6-4B7D4D276777}.EditAndContinue|Any CPU.ActiveCfg = Release|x64
		{D6B52647-C4AF-4A0A-9DB6-4B7D4D276777}.EditAndContinue|Any CPU.Build.0 = Release|x64
		{D6B52647-C4AF-4A0A-9DB6-4B7D4D276777}.EditAndContinue|x64.ActiveCfg = Release|x64
		{D6B52647-C4AF-4A0A-9DB6-4B7D4D276777}.EditAndContinue|x64.Build.0 = Release|x64
		{D6B52647-C4AF-4A0A-9DB6-4B7D4D276777}.EditAndContinue|x86.ActiveCfg = Release|Win32
		{D6B52647-C4AF-4A0A-9DB6-4B7D4D276777}.EditAndContinue|x86.Build.0 = Release|Win32
		{D6B52647-C4AF-4A0A-9DB6-4B7D4D276777}.Release|Any CPU.ActiveCfg = Release|Win32
		{D6B52647-C4AF-4A0A-9DB6-4B7D4D276777}.Release|x64.ActiveCfg = Release|x64
		{D6B52647-C4AF-4A0A-9DB6-4B7D4D276777}.Release|x64.Build.0 = Release|x64
		{D6B52647-C4AF-4A0A-9DB6-4B7D4D276777}.Release|x86.ActiveCfg = Release|Win32
		{D6B52647-C4AF-4A0A-9DB6-4B7D4D276777}.Release|x86.Build.0 = Release|Win32
		{D6B52647-C4AF-4A0A-9DB6-4B7D4D276777}.Release-MT|Any CPU.ActiveCfg = Release|x64
		{D6B52647-C4AF-4A0A-9DB6-4B7D4D276777}.Release-MT|Any CPU.Build.0 = Release|x64
		{D6B52647-C4AF-4A0A-9DB6-4B7D4D276777}.Release-MT|x64.ActiveCfg = Release|x64
		{D6B52647-C4AF-4A0A-9DB6-4B7D4D276777}.Release-MT|x64.Build.0 = Release|x64
		{D6B52647-C4AF-4A0A-9DB6-4B7D4D276777}.Release-MT|x86.ActiveCfg = Release|Win32
		{D6B52647-C4AF-4A0A-9DB6-4B7D4D276777}.Release-MT|x86.Build.0 = Release|Win32
		{413F4A50-5DF5-411D-A2B1-729054F66C70}.Debug|Any CPU.ActiveCfg = Debug|Win32
		{413F4A50-5DF5-411D-A2B1-729054F66C70}.Debug|x64.ActiveCfg = Debug|x64
		{413F4A50-5DF5-411D-A2B1-729054F66C70}.Debug|x64.Build.0 = Debug|x64
		{413F4A50-5DF5-411D-A2B1-729054F66C70}.Debug|x86.ActiveCfg = Debug|Win32
		{413F4A50-5DF5-411D-A2B1-729054F66C70}.Debug|x86.Build.0 = Debug|Win32
		{413F4A50-5DF5-411D-A2B1-729054F66C70}.Debug-MT|Any CPU.ActiveCfg = Release|x64
		{413F4A50-5DF5-411D-A2B1-729054F66C70}.Debug-MT|Any CPU.Build.0 = Release|x64
		{413F4A50-5DF5-411D-A2B1-729054F66C70}.Debug-MT|x64.ActiveCfg = Debug|x64
		{413F4A50-5DF5-411D-A2B1-729054F66C70}.Debug-MT|x64.Build.0 = Debug|x64
		{413F4A50-5DF5-411D-A2B1-729054F66C70}.Debug-MT|x86.ActiveCfg = Debug|Win32
		{413F4A50-5DF5-411D-A2B1-729054F66C70}.Debug-MT|x86.Build.0 = Debug|Win32
		{413F4A50-5DF5-411D-A2B1-729054F66C70}.EditAndContinue|Any CPU.ActiveCfg = Release|x64
		{413F4A50-5DF5-411D-A2B1-729054F66C70}.EditAndContinue|Any CPU.Build.0 = Release|x64
		{413F4A50-5DF5-411D-A2B1-729054F66C70}.EditAndContinue|x64.ActiveCfg = Release|x64
		{413F4A50-5DF5-411D-A2B1-729054F66C70}.EditAndContinue|x64.Build.0 = Release|x64
		{413F4A50-5DF5-411D-A2B1-729054F66C70}.EditAndContinue|x86.ActiveCfg = Release|Win32
		{413F4A50-5DF5-411D-A2B1-729054F66C70}.EditAndContinue|x86.Build.0 = Release|Win32
		{413F4A50-5DF5-411D-A2B1-729054F66C70}.Release|Any CPU.ActiveCfg = Release|Win32
		{413F4A50-5DF5-411D-A2B1-729054F66C70}.Release|x64.ActiveCfg = Release|x64
		{413F4A50-5DF5-411D-A2B1-729054F66C70}.Release|x64.Build.0 = Release|x64
		{413F4A50-5DF5-411D-A2B1-729054F66C70}.Release|x86.ActiveCfg = Release|Win32
		{413F4A50-5DF5-411D-A2B1-729054F66C70}.Release|x86.Build.0 = Release|Win32
		{413F4A50-5DF5-411D-A2B1-729054F66C70}.Release-MT|Any CPU.ActiveCfg = Release|x64
		{413F4A50-5DF5-411D-A2B1-729054F66C70}.Release-MT|Any CPU.Build.0 = Release|x64
		{413F4A50-5DF5-411D-A2B1-729054F66C70}.Release-MT|x64.ActiveCfg = Release|x64
		{413F4A50-5DF5-411D-A2B1-729054F66C70}.Release-MT|x64.Build.0 = Release|x64
		{413F4A50-5DF5-411D-A2B1-729054F66C70}.Release-MT|x86.ActiveCfg = Release|Win32
		{413F4A50-5DF5-411D-A2B1-729054F66C70}.Release-MT|x86.Build.0 = Release|Win32
		{F7CD315E-4F76-466E-AFFD-6EDAAFC869AD}.Debug|Any CPU.ActiveCfg = Debug|Win32
		{F7CD315E-4F76-466E-AFFD-6EDAAFC869AD}.Debug|x64.ActiveCfg = Debug|x64
		{F7CD315E-4F76-466E-AFFD-6EDAAFC869AD}.Debug|x64.Build.0 = Debug|x64
		{F7CD315E-4F76-466E-AFFD-6EDAAFC869AD}.Debug|x86.ActiveCfg = Debug|Win32
		{F7CD315E-4F76-466E-AFFD-6EDAAFC869AD}.Debug|x86.Build.0 = Debug|Win32
		{F7CD315E-4F76-466E-AFFD-6EDAAFC869AD}.Debug-MT|Any CPU.ActiveCfg = Release|x64
		{F7CD315E-4F76-466E-AFFD-6EDAAFC869AD}.Debug-MT|Any CPU.Build.0 = Release|x64
		{F7CD315E-4F76-466E-AFFD-6EDAAFC869AD}.Debug-MT|x64.ActiveCfg = Debug|x64
		{F7CD315E-4F76-466E-AFFD-6EDAAFC869AD}.Debug-MT|x64.Build.0 = Debug|x64
		{F7CD315E-4F76-466E-AFFD-6EDAAFC869AD}.Debug-MT|x86.ActiveCfg = Debug|Win32
		{F7CD315E-4F76-466E-AFFD-6EDAAFC869AD}.Debug-MT|x86.Build.0 = Debug|Win32
		{F7CD315E-4F76-466E-AFFD-6EDAAFC869AD}.EditAndContinue|Any CPU.ActiveCfg = Release|x64
		{F7CD315E-4F76-466E-AFFD-6EDAAFC869AD}.EditAndContinue|Any CPU.Build.0 = Release|x64
		{F7CD315E-4F76-466E-AFFD-6EDAAFC869AD}.EditAndContinue|x64.ActiveCfg = Release|x64
		{F7CD315E-4F76-466E-AFFD-6EDAAFC869AD}.EditAndContinue|x64.Build.0 = Release|x64
		{F7CD315E-4F76-466E-AFFD-6EDAAFC869AD}.EditAndContinue|x86.ActiveCfg = Release|Win32
		{F7CD315E-4F76-466E-AFFD-6EDAAFC869AD}.EditAndContinue|x86.Build.0 = Release|Win32
		{F7CD315E-4F76-466E-AFFD-6EDAAFC869AD}.Release|Any CPU.ActiveCfg = Release|Win32
		{F7CD315E-4F76-466E-AFFD-6EDAAFC869AD}.Release|x64.ActiveCfg = Release|x64
		{F7CD315E-4F76-466E-AFFD-6EDAAFC869AD}.Release|x64.Build.0 = Release|x64
		{F7CD315E-4F76-466E-AFFD-6EDAAFC869AD}.Release|x86.ActiveCfg = Release|Win32
		{F7CD315E-4F76-466E-AFFD-6EDAAFC869AD}.Release|x86.Build.0 = Release|Win32
		{F7CD315E-4F76-466E-AFFD-6EDAAFC869AD}.Release-MT|Any CPU.ActiveCfg = Release|x64
		{F7CD315E-4F76-466E-AFFD-6EDAAFC869AD}.Release-MT|Any CPU.Build.0 = Release|x64
		{F7CD315E-4F76-466E-AFFD-6EDAAFC869AD}.Release-MT|x64.ActiveCfg = Release|x64
		{F7CD315E-4F76-466E-AFFD-6EDAAFC869AD}.Release-MT|x64.Build.0 = Release|x64
		{F7CD315E-4F76-466E-AFFD-6EDAAFC869AD}.Release-MT|x86.ActiveCfg = Release|Win32
		{F7CD315E-4F76-466E-AFFD-6EDAAFC869AD}.Release-MT|x86.Build.0 = Release|Win32
		{C52CA55B-1B6E-4725-8FA8-9817113801DC}.Debug|Any CPU.ActiveCfg = Debug|Win32
		{C52CA55B-1B6E-4725-8FA8-9817113801DC}.Debug|x64.ActiveCfg = Debug|x64
		{C52CA55B-1B6E-4725-8FA8-9817113801DC}.Debug|x64.Build.0 = Debug|x64
		{C52CA55B-1B6E-4725-8FA8-9817113801DC}.Debug|x86.ActiveCfg = Debug|Win32
		{C52CA55B-1B6E-4725-8FA8-9817113801DC}.Debug|x86.Build.0 = Debug|Win32
		{C52CA55B-1B6E-4725-8FA8-9817113801DC}.Debug-MT|Any CPU.ActiveCfg = Release|x64
		{C52CA55B-1B6E-4725-8FA8-9817113801DC}.Debug-MT|Any CPU.Build.0 = Release|x64
		{C52CA55B-1B6E-4725-8FA8-9817113801DC}.Debug-MT|x64.ActiveCfg = Debug|x64
		{C52CA55B-1B6E-4725-8FA8-9817113801DC}.Debug-MT|x64.Build.0 = Debug|x64
		{C52CA55B-1B6E-4725-8FA8-9817113801DC}.Debug-MT|x86.ActiveCfg = Debug|Win32
		{C52CA55B-1B6E-4725-8FA8-9817113801DC}.Debug-MT|x86.Build.0 = Debug|Win32
		{C52CA55B-1B6E-4725-8FA8-9817113801DC}.EditAndContinue|Any CPU.ActiveCfg = Release|x64
		{C52CA55B-1B6E-4725-8FA8-9817113801DC}.EditAndContinue|Any CPU.Build.0 = Release|x64
		{C52CA55B-1B6E-4725-8FA8-9817113801DC}.EditAndContinue|x64.ActiveCfg = Release|x64
		{C52CA55B-1B6E-4725-8FA8-9817113801DC}.EditAndContinue|x64.Build.0 = Release|x64
		{C52CA55B-1B6E-4725-8FA8-9817113801DC}.EditAndContinue|x86.ActiveCfg = Release|Win32
		{C52CA55B-1B6E-4725-8FA8-9817113801DC}.EditAndContinue|x86.Build.0 = Release|Win32
		{C52CA55B-1B6E-4725-8FA8-9817113801DC}.Release|Any CPU.ActiveCfg = Release|Win32
		{C52CA55B-1B6E-4725-8FA8-9817113801DC}.Release|x64.ActiveCfg = Release|x64
		{C52CA55B-1B6E-4725-8FA8-9817113801DC}.Release|x64.Build.0 = Release|x64
		{C52CA55B-1B6E-4725-8FA8-9817113801DC}.Release|x86.ActiveCfg = Release|Win32
		{C52CA55B-1B6E-4725-8FA8-9817113801DC}.Release|x86.Build.0 = Release|Win32
		{C52CA55B-1B6E-4725-8FA8-9817113801DC}.Release-MT|Any CPU.ActiveCfg = Release|x64
		{C52CA55B-1B6E-4725-8FA8-9817113801DC}.Release-MT|Any CPU.Build.0 = Release|x64
		{C52CA55B-1B6E-4725-8FA8-9817113801DC}.Release-MT|x64.ActiveCfg = Release|x64
		{C52CA55B-1B6E-4725-8FA8-9817113801DC}.Release-MT|x64.Build.0 = Release|x64
		{C52CA55B-1B6E-4725-8FA8-9817113801DC}.Release-MT|x86.ActiveCfg = Release|Win32
		{C52CA55B-1B6E-4725-8FA8-9817113801DC}.Release-MT|x86.Build.0 = Release|Win32
		{F62787DD-1327-448B-9818-030062BCFAA5}.Debug|Any CPU.ActiveCfg = Debug|Win32
		{F62787DD-1327-448B-9818-030062BCFAA5}.Debug|x64.ActiveCfg = Debug|x64
		{F62787DD-1327-448B-9818-030062BCFAA5}.Debug|x64.Build.0 = Debug|x64
		{F62787DD-1327-448B-9818-030062BCFAA5}.Debug|x86.ActiveCfg = Debug|Win32
		{F62787DD-1327-448B-9818-030062BCFAA5}.Debug|x86.Build.0 = Debug|Win32
		{F62787DD-1327-448B-9818-030062BCFAA5}.Debug-MT|Any CPU.ActiveCfg = Debug-MT|Win32
		{F62787DD-1327-448B-9818-030062BCFAA5}.Debug-MT|x64.ActiveCfg = Debug-MT|x64
		{F62787DD-1327-448B-9818-030062BCFAA5}.Debug-MT|x64.Build.0 = Debug-MT|x64
		{F62787DD-1327-448B-9818-030062BCFAA5}.Debug-MT|x86.ActiveCfg = Debug-MT|Win32
		{F62787DD-1327-448B-9818-030062BCFAA5}.Debug-MT|x86.Build.0 = Debug-MT|Win32
		{F62787DD-1327-448B-9818-030062BCFAA5}.EditAndContinue|Any CPU.ActiveCfg = Debug-MT|x64
		{F62787DD-1327-448B-9818-030062BCFAA5}.EditAndContinue|Any CPU.Build.0 = Debug-MT|x64
		{F62787DD-1327-448B-9818-030062BCFAA5}.EditAndContinue|x64.ActiveCfg = Debug-MT|x64
		{F62787DD-1327-448B-9818-030062BCFAA5}.EditAndContinue|x64.Build.0 = Debug-MT|x64
		{F62787DD-1327-448B-9818-030062BCFAA5}.EditAndContinue|x86.ActiveCfg = Debug-MT|Win32
		{F62787DD-1327-448B-9818-030062BCFAA5}.EditAndContinue|x86.Build.0 = Debug-MT|Win32
		{F62787DD-1327-448B-9818-030062BCFAA5}.Release|Any CPU.ActiveCfg = Release|Win32
		{F62787DD-1327-448B-9818-030062BCFAA5}.Release|x64.ActiveCfg = Release|x64
		{F62787DD-1327-448B-9818-030062BCFAA5}.Release|x64.Build.0 = Release|x64
		{F62787DD-1327-448B-9818-030062BCFAA5}.Release|x86.ActiveCfg = Release|Win32
		{F62787DD-1327-448B-9818-030062BCFAA5}.Release|x86.Build.0 = Release|Win32
		{F62787DD-1327-448B-9818-030062BCFAA5}.Release-MT|Any CPU.ActiveCfg = Release-MT|Win32
		{F62787DD-1327-448B-9818-030062BCFAA5}.Release-MT|x64.ActiveCfg = Release-MT|x64
		{F62787DD-1327-448B-9818-030062BCFAA5}.Release-MT|x64.Build.0 = Release-MT|x64
		{F62787DD-1327-448B-9818-030062BCFAA5}.Release-MT|x86.ActiveCfg = Release-MT|Win32
		{F62787DD-1327-448B-9818-030062BCFAA5}.Release-MT|x86.Build.0 = Release-MT|Win32
		{B15F131E-328A-4D42-ADC2-9FF4CA6306D8}.Debug|Any CPU.ActiveCfg = Debug|Win32
		{B15F131E-328A-4D42-ADC2-9FF4CA6306D8}.Debug|x64.ActiveCfg = Debug|x64
		{B15F131E-328A-4D42-ADC2-9FF4CA6306D8}.Debug|x64.Build.0 = Debug|x64
		{B15F131E-328A-4D42-ADC2-9FF4CA6306D8}.Debug|x86.ActiveCfg = Debug|Win32
		{B15F131E-328A-4D42-ADC2-9FF4CA6306D8}.Debug|x86.Build.0 = Debug|Win32
		{B15F131E-328A-4D42-ADC2-9FF4CA6306D8}.Debug-MT|Any CPU.ActiveCfg = Debug-MT|Win32
		{B15F131E-328A-4D42-ADC2-9FF4CA6306D8}.Debug-MT|x64.ActiveCfg = Debug-MT|x64
		{B15F131E-328A-4D42-ADC2-9FF4CA6306D8}.Debug-MT|x64.Build.0 = Debug-MT|x64
		{B15F131E-328A-4D42-ADC2-9FF4CA6306D8}.Debug-MT|x86.ActiveCfg = Debug-MT|Win32
		{B15F131E-328A-4D42-ADC2-9FF4CA6306D8}.Debug-MT|x86.Build.0 = Debug-MT|Win32
		{B15F131E-328A-4D42-ADC2-9FF4CA6306D8}.EditAndContinue|Any CPU.ActiveCfg = Debug-MT|x64
		{B15F131E-328A-4D42-ADC2-9FF4CA6306D8}.EditAndContinue|Any CPU.Build.0 = Debug-MT|x64
		{B15F131E-328A-4D42-ADC2-9FF4CA6306D8}.EditAndContinue|x64.ActiveCfg = Debug-MT|x64
		{B15F131E-328A-4D42-ADC2-9FF4CA6306D8}.EditAndContinue|x64.Build.0 = Debug-MT|x64
		{B15F131E-328A-4D42-ADC2-9FF4CA6306D8}.EditAndContinue|x86.ActiveCfg = Debug-MT|Win32
		{B15F131E-328A-4D42-ADC2-9FF4CA6306D8}.EditAndContinue|x86.Build.0 = Debug-MT|Win32
		{B15F131E-328A-4D42-ADC2-9FF4CA6306D8}.Release|Any CPU.ActiveCfg = Release|Win32
		{B15F131E-328A-4D42-ADC2-9FF4CA6306D8}.Release|x64.ActiveCfg = Release|x64
		{B15F131E-328A-4D42-ADC2-9FF4CA6306D8}.Release|x64.Build.0 = Release|x64
		{B15F131E-328A-4D42-ADC2-9FF4CA6306D8}.Release|x86.ActiveCfg = Release|Win32
		{B15F131E-328A-4D42-ADC2-9FF4CA6306D8}.Release|x86.Build.0 = Release|Win32
		{B15F131E-328A-4D42-ADC2-9FF4CA6306D8}.Release-MT|Any CPU.ActiveCfg = Release-MT|Win32
		{B15F131E-328A-4D42-ADC2-9FF4CA6306D8}.Release-MT|x64.ActiveCfg = Release-MT|x64
		{B15F131E-328A-4D42-ADC2-9FF4CA6306D8}.Release-MT|x64.Build.0 = Release-MT|x64
		{B15F131E-328A-4D42-ADC2-9FF4CA6306D8}.Release-MT|x86.ActiveCfg = Release-MT|Win32
		{B15F131E-328A-4D42-ADC2-9FF4CA6306D8}.Release-MT|x86.Build.0 = Release-MT|Win32
		{9E771CA4-04D9-4ED8-80F2-FFD379413688}.Debug|Any CPU.ActiveCfg = Debug|Win32
		{9E771CA4-04D9-4ED8-80F2-FFD379413688}.Debug|x64.ActiveCfg = Debug|x64
		{9E771CA4-04D9-4ED8-80F2-FFD379413688}.Debug|x64.Build.0 = Debug|x64
		{9E771CA4-04D9-4ED8-80F2-FFD379413688}.Debug|x86.ActiveCfg = Debug|Win32
		{9E771CA4-04D9-4ED8-80F2-FFD379413688}.Debug|x86.Build.0 = Debug|Win32
		{9E771CA4-04D9-4ED8-80F2-FFD379413688}.Debug-MT|Any CPU.ActiveCfg = Release|x64
		{9E771CA4-04D9-4ED8-80F2-FFD379413688}.Debug-MT|Any CPU.Build.0 = Release|x64
		{9E771CA4-04D9-4ED8-80F2-FFD379413688}.Debug-MT|x64.ActiveCfg = Debug|x64
		{9E771CA4-04D9-4ED8-80F2-FFD379413688}.Debug-MT|x64.Build.0 = Debug|x64
		{9E771CA4-04D9-4ED8-80F2-FFD379413688}.Debug-MT|x86.ActiveCfg = Debug|Win32
		{9E771CA4-04D9-4ED8-80F2-FFD379413688}.Debug-MT|x86.Build.0 = Debug|Win32
		{9E771CA4-04D9-4ED8-80F2-FFD379413688}.EditAndContinue|Any CPU.ActiveCfg = Release|x64
		{9E771CA4-04D9-4ED8-80F2-FFD379413688}.EditAndContinue|Any CPU.Build.0 = Release|x64
		{9E771CA4-04D9-4ED8-80F2-FFD379413688}.EditAndContinue|x64.ActiveCfg = Release|x64
		{9E771CA4-04D9-4ED8-80F2-FFD379413688}.EditAndContinue|x64.Build.0 = Release|x64
		{9E771CA4-04D9-4ED8-80F2-FFD379413688}.EditAndContinue|x86.ActiveCfg = Release|Win32
		{9E771CA4-04D9-4ED8-80F2-FFD379413688}.EditAndContinue|x86.Build.0 = Release|Win32
		{9E771CA4-04D9-4ED8-80F2-FFD379413688}.Release|Any CPU.ActiveCfg = Release|Win32
		{9E771CA4-04D9-4ED8-80F2-FFD379413688}.Release|x64.ActiveCfg = Release|x64
		{9E771CA4-04D9-4ED8-80F2-FFD379413688}.Release|x64.Build.0 = Release|x64
		{9E771CA4-04D9-4ED8-80F2-FFD379413688}.Release|x86.ActiveCfg = Release|Win32
		{9E771CA4-04D9-4ED8-80F2-FFD379413688}.Release|x86.Build.0 = Release|Win32
		{9E771CA4-04D9-4ED8-80F2-FFD379413688}.Release-MT|Any CPU.ActiveCfg = Release|x64
		{9E771CA4-04D9-4ED8-80F2-FFD379413688}.Release-MT|Any CPU.Build.0 = Release|x64
		{9E771CA4-04D9-4ED8-80F2-FFD379413688}.Release-MT|x64.ActiveCfg = Release|x64
		{9E771CA4-04D9-4ED8-80F2-FFD379413688}.Release-MT|x64.Build.0 = Release|x64
		{9E771CA4-04D9-4ED8-80F2-FFD379413688}.Release-MT|x86.ActiveCfg = Release|Win32
		{9E771CA4-04D9-4ED8-80F2-FFD379413688}.Release-MT|x86.Build.0 = Release|Win32
		{481763E4-7108-4CDA-A8A0-A4A15A2D841C}.Debug|Any CPU.ActiveCfg = Debug|Win32
		{481763E4-7108-4CDA-A8A0-A4A15A2D841C}.Debug|x64.ActiveCfg = Debug|Win32
		{481763E4-7108-4CDA-A8A0-A4A15A2D841C}.Debug|x86.ActiveCfg = Debug|Win32
		{481763E4-7108-4CDA-A8A0-A4A15A2D841C}.Debug|x86.Build.0 = Debug|Win32
		{481763E4-7108-4CDA-A8A0-A4A15A2D841C}.Debug-MT|Any CPU.ActiveCfg = Release|Win32
		{481763E4-7108-4CDA-A8A0-A4A15A2D841C}.Debug-MT|Any CPU.Build.0 = Release|Win32
		{481763E4-7108-4CDA-A8A0-A4A15A2D841C}.Debug-MT|x64.ActiveCfg = Release|Win32
		{481763E4-7108-4CDA-A8A0-A4A15A2D841C}.Debug-MT|x64.Build.0 = Release|Win32
		{481763E4-7108-4CDA-A8A0-A4A15A2D841C}.Debug-MT|x86.ActiveCfg = Debug|Win32
		{481763E4-7108-4CDA-A8A0-A4A15A2D841C}.Debug-MT|x86.Build.0 = Debug|Win32
		{481763E4-7108-4CDA-A8A0-A4A15A2D841C}.EditAndContinue|Any CPU.ActiveCfg = Release|Win32
		{481763E4-7108-4CDA-A8A0-A4A15A2D841C}.EditAndContinue|Any CPU.Build.0 = Release|Win32
		{481763E4-7108-4CDA-A8A0-A4A15A2D841C}.EditAndContinue|x64.ActiveCfg = Release|Win32
		{481763E4-7108-4CDA-A8A0-A4A15A2D841C}.EditAndContinue|x64.Build.0 = Release|Win32
		{481763E4-7108-4CDA-A8A0-A4A15A2D841C}.EditAndContinue|x86.ActiveCfg = Release|Win32
		{481763E4-7108-4CDA-A8A0-A4A15A2D841C}.EditAndContinue|x86.Build.0 = Release|Win32
		{481763E4-7108-4CDA-A8A0-A4A15A2D841C}.Release|Any CPU.ActiveCfg = Release|Win32
		{481763E4-7108-4CDA-A8A0-A4A15A2D841C}.Release|x64.ActiveCfg = Release|Win32
		{481763E4-7108-4CDA-A8A0-A4A15A2D841C}.Release|x64.Build.0 = Release|Win32
		{481763E4-7108-4CDA-A8A0-A4A15A2D841C}.Release|x86.ActiveCfg = Release|Win32
		{481763E4-7108-4CDA-A8A0-A4A15A2D841C}.Release|x86.Build.0 = Release|Win32
		{481763E4-7108-4CDA-A8A0-A4A15A2D841C}.Release-MT|Any CPU.ActiveCfg = Release|Win32
		{481763E4-7108-4CDA-A8A0-A4A15A2D841C}.Release-MT|Any CPU.Build.0 = Release|Win32
		{481763E4-7108-4CDA-A8A0-A4A15A2D841C}.Release-MT|x64.ActiveCfg = Release|Win32
		{481763E4-7108-4CDA-A8A0-A4A15A2D841C}.Release-MT|x64.Build.0 = Release|Win32
		{481763E4-7108-4CDA-A8A0-A4A15A2D841C}.Release-MT|x86.ActiveCfg = Release|Win32
		{481763E4-7108-4CDA-A8A0-A4A15A2D841C}.Release-MT|x86.Build.0 = Release|Win32
		{06E30C65-D79A-4FEC-8A60-B36D907E6601}.Debug|Any CPU.ActiveCfg = Debug|Win32
		{06E30C65-D79A-4FEC-8A60-B36D907E6601}.Debug|x64.ActiveCfg = Debug|x64
		{06E30C65-D79A-4FEC-8A60-B36D907E6601}.Debug|x64.Build.0 = Debug|x64
		{06E30C65-D79A-4FEC-8A60-B36D907E6601}.Debug|x86.ActiveCfg = Debug|Win32
		{06E30C65-D79A-4FEC-8A60-B36D907E6601}.Debug|x86.Build.0 = Debug|Win32
		{06E30C65-D79A-4FEC-8A60-B36D907E6601}.Debug-MT|Any CPU.ActiveCfg = Release|x64
		{06E30C65-D79A-4FEC-8A60-B36D907E6601}.Debug-MT|Any CPU.Build.0 = Release|x64
		{06E30C65-D79A-4FEC-8A60-B36D907E6601}.Debug-MT|x64.ActiveCfg = Debug|x64
		{06E30C65-D79A-4FEC-8A60-B36D907E6601}.Debug-MT|x64.Build.0 = Debug|x64
		{06E30C65-D79A-4FEC-8A60-B36D907E6601}.Debug-MT|x86.ActiveCfg = Debug|Win32
		{06E30C65-D79A-4FEC-8A60-B36D907E6601}.Debug-MT|x86.Build.0 = Debug|Win32
		{06E30C65-D79A-4FEC-8A60-B36D907E6601}.EditAndContinue|Any CPU.ActiveCfg = Release|x64
		{06E30C65-D79A-4FEC-8A60-B36D907E6601}.EditAndContinue|Any CPU.Build.0 = Release|x64
		{06E30C65-D79A-4FEC-8A60-B36D907E6601}.EditAndContinue|x64.ActiveCfg = Release|x64
		{06E30C65-D79A-4FEC-8A60-B36D907E6601}.EditAndContinue|x64.Build.0 = Release|x64
		{06E30C65-D79A-4FEC-8A60-B36D907E6601}.EditAndContinue|x86.ActiveCfg = Release|Win32
		{06E30C65-D79A-4FEC-8A60-B36D907E6601}.EditAndContinue|x86.Build.0 = Release|Win32
		{06E30C65-D79A-4FEC-8A60-B36D907E6601}.Release|Any CPU.ActiveCfg = Release|Win32
		{06E30C65-D79A-4FEC-8A60-B36D907E6601}.Release|x64.ActiveCfg = Release|x64
		{06E30C65-D79A-4FEC-8A60-B36D907E6601}.Release|x64.Build.0 = Release|x64
		{06E30C65-D79A-4FEC-8A60-B36D907E6601}.Release|x86.ActiveCfg = Release|Win32
		{06E30C65-D79A-4FEC-8A60-B36D907E6601}.Release|x86.Build.0 = Release|Win32
		{06E30C65-D79A-4FEC-8A60-B36D907E6601}.Release-MT|Any CPU.ActiveCfg = Release|x64
		{06E30C65-D79A-4FEC-8A60-B36D907E6601}.Release-MT|Any CPU.Build.0 = Release|x64
		{06E30C65-D79A-4FEC-8A60-B36D907E6601}.Release-MT|x64.ActiveCfg = Release|x64
		{06E30C65-D79A-4FEC-8A60-B36D907E6601}.Release-MT|x64.Build.0 = Release|x64
		{06E30C65-D79A-4FEC-8A60-B36D907E6601}.Release-MT|x86.ActiveCfg = Release|Win32
		{06E30C65-D79A-4FEC-8A60-B36D907E6601}.Release-MT|x86.Build.0 = Release|Win32
	EndGlobalSection
	GlobalSection(SolutionProperties) = preSolution
		HideSolutionNode = FALSE
	EndGlobalSection
	GlobalSection(ExtensibilityGlobals) = postSolution
		SolutionGuid = {3F100390-1C93-49B6-B220-99658C1DED3F}
	EndGlobalSection
EndGlobal
