<?xml version="1.0" encoding="utf-8"?>
<Project ToolsVersion="4.0" xmlns="http://schemas.microsoft.com/developer/msbuild/2003">
  <ItemGroup>
    <Filter Include="Source Files">
      <UniqueIdentifier>{4FC737F1-C7A5-4376-A066-2A32D752A2FF}</UniqueIdentifier>
      <Extensions>cpp;c;cc;cxx;def;odl;idl;hpj;bat;asm;asmx</Extensions>
    </Filter>
    <Filter Include="Header Files">
      <UniqueIdentifier>{93995380-89BD-4b04-88EB-625FBE52EBFB}</UniqueIdentifier>
      <Extensions>h;hh;hpp;hxx;hm;inl;inc;xsd</Extensions>
    </Filter>
    <Filter Include="imgui">
      <UniqueIdentifier>{4dd652e7-20e4-4995-b630-c7b5e961b211}</UniqueIdentifier>
    </Filter>
    <Filter Include="Source Files\patches">
      <UniqueIdentifier>{6ecca651-f6ac-4430-b4b5-a9d5fb31e2fc}</UniqueIdentifier>
    </Filter>
    <Filter Include="Source Files\remotery">
      <UniqueIdentifier>{4109e39f-28cf-4410-8dc9-45715b0a0cf4}</UniqueIdentifier>
    </Filter>
  </ItemGroup>
  <ItemGroup>
    <ClInclude Include="imgui\imconfig.h">
      <Filter>imgui</Filter>
    </ClInclude>
    <ClInclude Include="imgui\imgui.h">
      <Filter>imgui</Filter>
    </ClInclude>
    <ClInclude Include="imgui\imgui_internal.h">
      <Filter>imgui</Filter>
    </ClInclude>
    <ClInclude Include="imgui\stb_rect_pack.h">
      <Filter>imgui</Filter>
    </ClInclude>
    <ClInclude Include="imgui\stb_textedit.h">
      <Filter>imgui</Filter>
    </ClInclude>
    <ClInclude Include="imgui\stb_truetype.h">
      <Filter>imgui</Filter>
    </ClInclude>
    <ClInclude Include="src\ansel.h">
      <Filter>Header Files</Filter>
    </ClInclude>
    <ClInclude Include="src\d3dconv.h">
      <Filter>Header Files</Filter>
    </ClInclude>
    <ClInclude Include="src\dump.h">
      <Filter>Header Files</Filter>
    </ClInclude>
    <ClInclude Include="src\typeinfo\hk_typeinfo.h">
      <Filter>Header Files</Filter>
    </ClInclude>
    <ClInclude Include="src\patches\dinput8.h">
      <Filter>Header Files</Filter>
    </ClInclude>
    <ClInclude Include="src\patches\TES\BSReadWriteLock.h">
      <Filter>Header Files</Filter>
    </ClInclude>
    <ClInclude Include="src\patches\TES\TESForm.h">
      <Filter>Header Files</Filter>
    </ClInclude>
    <ClInclude Include="src\profiler.h">
      <Filter>Header Files</Filter>
    </ClInclude>
    <ClInclude Include="src\profiler_internal.h">
      <Filter>Header Files</Filter>
    </ClInclude>
    <ClInclude Include="src\xutil.h">
      <Filter>Header Files</Filter>
    </ClInclude>
    <ClInclude Include="src\patches\TES\BSTScatterTable.h">
      <Filter>Header Files</Filter>
    </ClInclude>
    <ClInclude Include="src\patches\TES\MemoryManager.h">
      <Filter>Header Files</Filter>
    </ClInclude>
    <ClInclude Include="src\patches\TES\BSThread_Win32.h">
      <Filter>Header Files</Filter>
    </ClInclude>
    <ClInclude Include="src\vfs\vfs.h">
      <Filter>Header Files</Filter>
    </ClInclude>
    <ClInclude Include="src\vfs\vfs_hook.h">
      <Filter>Header Files</Filter>
    </ClInclude>
    <ClInclude Include="src\vfs\vfs_util.h">
      <Filter>Header Files</Filter>
    </ClInclude>
    <ClInclude Include="src\patches\patches.h">
      <Filter>Header Files</Filter>
    </ClInclude>
    <ClInclude Include="src\ui\imgui_impl_dx11.h">
      <Filter>Header Files</Filter>
    </ClInclude>
    <ClInclude Include="src\ui\ui.h">
      <Filter>Header Files</Filter>
    </ClInclude>
    <ClInclude Include="src\ui\imgui_ext.h">
      <Filter>Header Files</Filter>
    </ClInclude>
    <ClInclude Include="src\patches\TES\BSGraphicsRenderTargetManager.h">
      <Filter>Header Files</Filter>
    </ClInclude>
    <ClInclude Include="src\patches\TES\BSShaderManager.h">
      <Filter>Header Files</Filter>
    </ClInclude>
    <ClInclude Include="src\patches\TES\BSShaderProperty.h">
      <Filter>Header Files</Filter>
    </ClInclude>
    <ClInclude Include="src\common.h">
      <Filter>Header Files</Filter>
    </ClInclude>
    <ClInclude Include="src\patches\TES\BSShaderRenderTargets.h">
      <Filter>Header Files</Filter>
    </ClInclude>
    <ClInclude Include="xbyak\xbyak_util.h">
      <Filter>Header Files</Filter>
    </ClInclude>
    <ClInclude Include="xbyak\xbyak_mnemonic.h">
      <Filter>Header Files</Filter>
    </ClInclude>
    <ClInclude Include="xbyak\xbyak_bin2hex.h">
      <Filter>Header Files</Filter>
    </ClInclude>
    <ClInclude Include="xbyak\xbyak.h">
      <Filter>Header Files</Filter>
    </ClInclude>
  </ItemGroup>
  <ItemGroup>
    <ClCompile Include="imgui\imgui.cpp">
      <Filter>imgui</Filter>
    </ClCompile>
    <ClCompile Include="imgui\imgui_demo.cpp">
      <Filter>imgui</Filter>
    </ClCompile>
    <ClCompile Include="imgui\imgui_draw.cpp">
      <Filter>imgui</Filter>
    </ClCompile>
    <ClCompile Include="src\ansel.cpp">
      <Filter>Source Files</Filter>
    </ClCompile>
    <ClCompile Include="src\d3dx9_debug.cpp">
      <Filter>Source Files</Filter>
    </ClCompile>
    <ClCompile Include="src\d3dx9_release.cpp">
      <Filter>Source Files</Filter>
    </ClCompile>
    <ClCompile Include="src\dllmain.cpp">
      <Filter>Source Files</Filter>
    </ClCompile>
    <ClCompile Include="src\dump.cpp">
      <Filter>Source Files\patches</Filter>
    </ClCompile>
    <ClCompile Include="src\typeinfo\hk_typeinfo.cpp">
      <Filter>Source Files</Filter>
    </ClCompile>
    <ClCompile Include="src\patches\settings.cpp">
      <Filter>Source Files\patches</Filter>
    </ClCompile>
    <ClCompile Include="src\patches\threading.cpp">
      <Filter>Source Files\patches</Filter>
    </ClCompile>
    <ClCompile Include="src\patches\window.cpp">
      <Filter>Source Files\patches</Filter>
    </ClCompile>
    <ClCompile Include="src\patches\dinput8.cpp">
      <Filter>Source Files\patches</Filter>
    </ClCompile>
    <ClCompile Include="src\patches\d3d11.cpp">
      <Filter>Source Files\patches</Filter>
    </ClCompile>
    <ClCompile Include="src\patches\TES\BSReadWriteLock.cpp">
      <Filter>Source Files\patches</Filter>
    </ClCompile>
    <ClCompile Include="src\patches\TES\TESForm.cpp">
      <Filter>Source Files\patches</Filter>
    </ClCompile>
    <ClCompile Include="src\typeinfo\msrtti.cpp">
      <Filter>Source Files</Filter>
    </ClCompile>
    <ClCompile Include="src\profiler.cpp">
      <Filter>Source Files</Filter>
    </ClCompile>
    <ClCompile Include="src\patches\achievements.cpp">
      <Filter>Source Files</Filter>
    </ClCompile>
    <ClCompile Include="jemalloc\arena.c">
      <Filter>Source Files</Filter>
    </ClCompile>
    <ClCompile Include="jemalloc\atomic.c">
      <Filter>Source Files</Filter>
    </ClCompile>
    <ClCompile Include="jemalloc\base.c">
      <Filter>Source Files</Filter>
    </ClCompile>
    <ClCompile Include="jemalloc\bitmap.c">
      <Filter>Source Files</Filter>
    </ClCompile>
    <ClCompile Include="jemalloc\chunk.c">
      <Filter>Source Files</Filter>
    </ClCompile>
    <ClCompile Include="jemalloc\chunk_dss.c">
      <Filter>Source Files</Filter>
    </ClCompile>
    <ClCompile Include="jemalloc\chunk_mmap.c">
      <Filter>Source Files</Filter>
    </ClCompile>
    <ClCompile Include="jemalloc\ckh.c">
      <Filter>Source Files</Filter>
    </ClCompile>
    <ClCompile Include="jemalloc\ctl.c">
      <Filter>Source Files</Filter>
    </ClCompile>
    <ClCompile Include="jemalloc\extent.c">
      <Filter>Source Files</Filter>
    </ClCompile>
    <ClCompile Include="jemalloc\hash.c">
      <Filter>Source Files</Filter>
    </ClCompile>
    <ClCompile Include="jemalloc\huge.c">
      <Filter>Source Files</Filter>
    </ClCompile>
    <ClCompile Include="jemalloc\jemalloc.c">
      <Filter>Source Files</Filter>
    </ClCompile>
    <ClCompile Include="jemalloc\mb.c">
      <Filter>Source Files</Filter>
    </ClCompile>
    <ClCompile Include="jemalloc\mutex.c">
      <Filter>Source Files</Filter>
    </ClCompile>
    <ClCompile Include="jemalloc\nstime.c">
      <Filter>Source Files</Filter>
    </ClCompile>
    <ClCompile Include="jemalloc\pages.c">
      <Filter>Source Files</Filter>
    </ClCompile>
    <ClCompile Include="jemalloc\prng.c">
      <Filter>Source Files</Filter>
    </ClCompile>
    <ClCompile Include="jemalloc\prof.c">
      <Filter>Source Files</Filter>
    </ClCompile>
    <ClCompile Include="jemalloc\quarantine.c">
      <Filter>Source Files</Filter>
    </ClCompile>
    <ClCompile Include="jemalloc\rtree.c">
      <Filter>Source Files</Filter>
    </ClCompile>
    <ClCompile Include="jemalloc\spin.c">
      <Filter>Source Files</Filter>
    </ClCompile>
    <ClCompile Include="jemalloc\stats.c">
      <Filter>Source Files</Filter>
    </ClCompile>
    <ClCompile Include="jemalloc\tcache.c">
      <Filter>Source Files</Filter>
    </ClCompile>
    <ClCompile Include="jemalloc\ticker.c">
      <Filter>Source Files</Filter>
    </ClCompile>
    <ClCompile Include="jemalloc\tsd.c">
      <Filter>Source Files</Filter>
    </ClCompile>
    <ClCompile Include="jemalloc\util.c">
      <Filter>Source Files</Filter>
    </ClCompile>
    <ClCompile Include="jemalloc\witness.c">
      <Filter>Source Files</Filter>
    </ClCompile>
    <ClCompile Include="src\xutil.cpp">
      <Filter>Source Files</Filter>
    </ClCompile>
    <ClCompile Include="src\patches\TES\MemoryManager.cpp">
      <Filter>Source Files\patches</Filter>
    </ClCompile>
    <ClCompile Include="src\patches\TES\BSThread_Win32.cpp">
      <Filter>Source Files</Filter>
    </ClCompile>
    <ClCompile Include="src\vfs\vfs.cpp">
      <Filter>Source Files</Filter>
    </ClCompile>
    <ClCompile Include="src\vfs\vfs_hook.cpp">
      <Filter>Source Files</Filter>
    </ClCompile>
    <ClCompile Include="src\vfs\vfs_util.cpp">
      <Filter>Source Files</Filter>
    </ClCompile>
    <ClCompile Include="src\patches\steam.cpp">
      <Filter>Source Files</Filter>
    </ClCompile>
    <ClCompile Include="src\ui\imgui_impl_dx11.cpp">
      <Filter>Source Files</Filter>
    </ClCompile>
    <ClCompile Include="src\ui\ui.cpp">
      <Filter>Source Files</Filter>
    </ClCompile>
    <ClCompile Include="src\ui\imgui_ext.cpp">
      <Filter>Source Files</Filter>
    </ClCompile>
    <ClCompile Include="src\patches\TES\BSGraphicsRenderTargetManager.cpp">
      <Filter>Source Files</Filter>
    </ClCompile>
    <ClCompile Include="src\patches\experimental.cpp">
      <Filter>Source Files</Filter>
    </ClCompile>
    <ClCompile Include="src\patches\TES\BSShaderManager.cpp">
      <Filter>Source Files</Filter>
    </ClCompile>
    <ClCompile Include="src\patches\logging.cpp">
      <Filter>Source Files</Filter>
    </ClCompile>
    <ClCompile Include="src\patches\TES\BSShaderRenderTargets.cpp">
      <Filter>Source Files</Filter>
    </ClCompile>
    <ClCompile Include="src\patches\d3d11_dc.cpp">
      <Filter>Source Files</Filter>
    </ClCompile>
  </ItemGroup>
  <ItemGroup>
    <None Include="My Amplifier Results - skyrim64_test\My Amplifier Results - skyrim64_test.amplxeproj" />
    <None Include="src\patches\TES\BSShaderConstants.inl">
      <Filter>Header Files</Filter>
    </None>
  </ItemGroup>
</Project>