<?xml version="1.0" encoding="utf-8"?>
<Project ToolsVersion="4.0" xmlns="http://schemas.microsoft.com/developer/msbuild/2003">
  <ItemGroup>
    <Filter Include="Source Files">
      <UniqueIdentifier>{4FC737F1-C7A5-4376-A066-2A32D752A2FF}</UniqueIdentifier>
      <Extensions>cpp;c;cc;cxx;def;odl;idl;hpj;bat;asm;asmx</Extensions>
    </Filter>
    <Filter Include="Header Files">
      <UniqueIdentifier>{93995380-89BD-4b04-88EB-625FBE52EBFB}</UniqueIdentifier>
      <Extensions>h;hh;hpp;hxx;hm;inl;inc;xsd</Extensions>
    </Filter>
    <Filter Include="Source Files\patches">
      <UniqueIdentifier>{6ecca651-f6ac-4430-b4b5-a9d5fb31e2fc}</UniqueIdentifier>
    </Filter>
  </ItemGroup>
  <ItemGroup>
    <ClInclude Include="src\dump.h">
      <Filter>Header Files</Filter>
    </ClInclude>
    <ClInclude Include="src\patches\dinput8.h">
      <Filter>Header Files</Filter>
    </ClInclude>
    <ClInclude Include="src\patches\TES\BSReadWriteLock.h">
      <Filter>Header Files</Filter>
    </ClInclude>
    <ClInclude Include="src\patches\TES\TESForm.h">
      <Filter>Header Files</Filter>
    </ClInclude>
    <ClInclude Include="src\profiler.h">
      <Filter>Header Files</Filter>
    </ClInclude>
    <ClInclude Include="src\profiler_internal.h">
      <Filter>Header Files</Filter>
    </ClInclude>
    <ClInclude Include="src\xutil.h">
      <Filter>Header Files</Filter>
    </ClInclude>
    <ClInclude Include="src\patches\TES\BSTScatterTable.h">
      <Filter>Header Files</Filter>
    </ClInclude>
    <ClInclude Include="src\patches\TES\MemoryManager.h">
      <Filter>Header Files</Filter>
    </ClInclude>
    <ClInclude Include="src\patches\TES\BSThread_Win32.h">
      <Filter>Header Files</Filter>
    </ClInclude>
    <ClInclude Include="src\vfs\vfs.h">
      <Filter>Header Files</Filter>
    </ClInclude>
    <ClInclude Include="src\vfs\vfs_hook.h">
      <Filter>Header Files</Filter>
    </ClInclude>
    <ClInclude Include="src\vfs\vfs_util.h">
      <Filter>Header Files</Filter>
    </ClInclude>
    <ClInclude Include="src\ui\imgui_impl_dx11.h">
      <Filter>Header Files</Filter>
    </ClInclude>
    <ClInclude Include="src\ui\ui.h">
      <Filter>Header Files</Filter>
    </ClInclude>
    <ClInclude Include="src\ui\imgui_ext.h">
      <Filter>Header Files</Filter>
    </ClInclude>
    <ClInclude Include="src\patches\TES\BSGraphicsRenderTargetManager.h">
      <Filter>Header Files</Filter>
    </ClInclude>
    <ClInclude Include="src\common.h">
      <Filter>Header Files</Filter>
    </ClInclude>
    <ClInclude Include="src\patches\rendering\codegen.h">
      <Filter>Header Files</Filter>
    </ClInclude>
    <ClInclude Include="src\patches\rendering\d3d11_tls.h">
      <Filter>Header Files</Filter>
    </ClInclude>
    <ClInclude Include="src\patches\rendering\common.h">
      <Filter>Header Files</Filter>
    </ClInclude>
    <ClInclude Include="src\patches\TES\BSSpinLock.h">
      <Filter>Header Files</Filter>
    </ClInclude>
    <ClInclude Include="src\patches\TES\MemoryContextTracker.h">
      <Filter>Header Files</Filter>
    </ClInclude>
    <ClInclude Include="src\patches\TES\BSBatchRenderer.h">
      <Filter>Header Files</Filter>
    </ClInclude>
    <ClInclude Include="src\patches\TES\BSTArray.h">
      <Filter>Header Files</Filter>
    </ClInclude>
    <ClInclude Include="src\patches\TES\BSShader\BSShader.h">
      <Filter>Header Files</Filter>
    </ClInclude>
    <ClInclude Include="src\patches\TES\BSShader\BSShaderManager.h">
      <Filter>Header Files</Filter>
    </ClInclude>
    <ClInclude Include="src\patches\TES\BSShader\BSShaderProperty.h">
      <Filter>Header Files</Filter>
    </ClInclude>
    <ClInclude Include="src\patches\TES\BSShader\Shaders\BSBloodSplatterShader.h">
      <Filter>Header Files</Filter>
    </ClInclude>
    <ClInclude Include="src\patches\TES\BSShader\BSShaderRenderTargets.h">
      <Filter>Header Files</Filter>
    </ClInclude>
    <ClInclude Include="src\patches\TES\BSShader\BSShaderAccumulator.h">
      <Filter>Header Files</Filter>
    </ClInclude>
    <ClInclude Include="src\patches\TES\BSShader\BSShaderMaterial.h">
      <Filter>Header Files</Filter>
    </ClInclude>
    <ClInclude Include="src\patches\TES\BSShader\Shaders\BSDistantTreeShader.h">
      <Filter>Header Files</Filter>
    </ClInclude>
    <ClInclude Include="src\patches\TES\BSShader\Shaders\BSGrassShader.h">
      <Filter>Header Files</Filter>
    </ClInclude>
    <ClInclude Include="src\patches\TES\BSGraphicsRenderer.h">
      <Filter>Header Files</Filter>
    </ClInclude>
    <ClInclude Include="src\patches\TES\BSShader\BSShaderUtil.h">
      <Filter>Header Files</Filter>
    </ClInclude>
    <ClInclude Include="src\patches\TES\NiMain\NiAVObject.h">
      <Filter>Header Files</Filter>
    </ClInclude>
    <ClInclude Include="src\patches\TES\NiMain\NiColor.h">
      <Filter>Header Files</Filter>
    </ClInclude>
    <ClInclude Include="src\patches\TES\NiMain\NiObject.h">
      <Filter>Header Files</Filter>
    </ClInclude>
    <ClInclude Include="src\patches\TES\NiMain\NiObjectNET.h">
      <Filter>Header Files</Filter>
    </ClInclude>
    <ClInclude Include="src\patches\TES\NiMain\NiRefObject.h">
      <Filter>Header Files</Filter>
    </ClInclude>
    <ClInclude Include="src\patches\TES\NiMain\NiTransform.h">
      <Filter>Header Files</Filter>
    </ClInclude>
    <ClInclude Include="src\patches\TES\NiMain\BSGeometry.h">
      <Filter>Header Files</Filter>
    </ClInclude>
    <ClInclude Include="src\patches\TES\BSShader\Shaders\BSSkyShader.h">
      <Filter>Header Files</Filter>
    </ClInclude>
    <ClInclude Include="src\patches\TES\NiMain\NiTexture.h">
      <Filter>Header Files</Filter>
    </ClInclude>
    <ClInclude Include="src\patches\TES\BSShader\Shaders\BSLightingShader.h">
      <Filter>Header Files</Filter>
    </ClInclude>
    <ClInclude Include="src\patches\TES\BSShader\Shaders\BSLightingShaderProperty.h">
      <Filter>Header Files</Filter>
    </ClInclude>
    <ClInclude Include="src\patches\TES\NiMain\NiSourceTexture.h">
      <Filter>Header Files</Filter>
    </ClInclude>
    <ClInclude Include="src\patches\TES\NiMain\NiAlphaProperty.h">
      <Filter>Header Files</Filter>
    </ClInclude>
    <ClInclude Include="src\patches\TES\NiMain\NiSkinInstance.h">
      <Filter>Header Files</Filter>
    </ClInclude>
    <ClInclude Include="src\patches\TES\MTRenderer.h">
      <Filter>Header Files</Filter>
    </ClInclude>
    <ClInclude Include="src\patches\rendering\GpuCircularBuffer.h">
      <Filter>Header Files</Filter>
    </ClInclude>
    <ClInclude Include="src\patches\TES\Setting.h">
      <Filter>Header Files</Filter>
    </ClInclude>
    <ClInclude Include="src\patches\TES\BSTList.h">
      <Filter>Header Files</Filter>
    </ClInclude>
    <ClInclude Include="src\patches\TES\BSRenderPass.h">
      <Filter>Header Files</Filter>
    </ClInclude>
    <ClInclude Include="src\patches\TES\NiMain\common.h">
      <Filter>Header Files</Filter>
    </ClInclude>
    <ClInclude Include="src\patches\TES\NiMain\BSTriShape.h">
      <Filter>Header Files</Filter>
    </ClInclude>
    <ClInclude Include="src\patches\TES\BSGraphicsTypes.h">
      <Filter>Header Files</Filter>
    </ClInclude>
    <ClInclude Include="src\patches\TES\NiMain\BSDynamicTriShape.h">
      <Filter>Header Files</Filter>
    </ClInclude>
    <ClInclude Include="src\patches\TES\BSShader\Shaders\BSSkyShaderProperty.h">
      <Filter>Header Files</Filter>
    </ClInclude>
    <ClInclude Include="src\patches\rendering\GpuTimer.h">
      <Filter>Header Files</Filter>
    </ClInclude>
    <ClInclude Include="src\patches\TES\BSShader\Shaders\BSBloodSplatterShaderProperty.h">
      <Filter>Header Files</Filter>
    </ClInclude>
    <ClInclude Include="src\patches\TES\BSShader\BSShader_Dumper.h">
      <Filter>Header Files</Filter>
    </ClInclude>
    <ClInclude Include="src\patches\TES\BGSDistantTreeBlock.h">
      <Filter>Header Files</Filter>
    </ClInclude>
    <ClInclude Include="src\patches\TES\NiMain\NiNode.h">
      <Filter>Header Files</Filter>
    </ClInclude>
    <ClInclude Include="src\patches\TES\NiMain\NiLight.h">
      <Filter>Header Files</Filter>
    </ClInclude>
    <ClInclude Include="src\patches\TES\BSShader\BSLight.h">
      <Filter>Header Files</Filter>
    </ClInclude>
    <ClInclude Include="src\patches\TES\BSShader\BSShadowLight.h">
      <Filter>Header Files</Filter>
    </ClInclude>
    <ClInclude Include="src\patches\TES\NiMain\NiDirectionalLight.h">
      <Filter>Header Files</Filter>
    </ClInclude>
    <ClInclude Include="src\patches\TES\NiMain\NiMatrix.h">
      <Filter>Header Files</Filter>
    </ClInclude>
    <ClInclude Include="src\patches\TES\NiMain\NiPoint.h">
      <Filter>Header Files</Filter>
    </ClInclude>
    <ClInclude Include="src\patches\rendering\d3d11_proxy.h">
      <Filter>Header Files</Filter>
    </ClInclude>
    <ClInclude Include="src\patches\TES\BSShader\Shaders\BSParticleShader.h">
      <Filter>Header Files</Filter>
    </ClInclude>
    <ClInclude Include="src\ui\ui_renderer.h">
      <Filter>Header Files</Filter>
    </ClInclude>
    <ClInclude Include="src\patches\TES\NiMain\BSNiNode.h">
      <Filter>Header Files</Filter>
    </ClInclude>
    <ClInclude Include="src\patches\TES\NiMain\BSMultiBoundNode.h">
      <Filter>Header Files</Filter>
    </ClInclude>
    <ClInclude Include="src\patches\TES\MOC.h">
      <Filter>Header Files</Filter>
    </ClInclude>
    <ClInclude Include="src\patches\TES\NiMain\NiRTTI.h">
      <Filter>Header Files</Filter>
    </ClInclude>
    <ClInclude Include="src\patches\TES\NiMain\NiCamera.h">
      <Filter>Header Files</Filter>
    </ClInclude>
    <ClInclude Include="src\patches\TES\NiMain\NiCullingProcess.h">
      <Filter>Header Files</Filter>
    </ClInclude>
    <ClInclude Include="src\patches\TES\NiMain\NiFrustum.h">
      <Filter>Header Files</Filter>
    </ClInclude>
    <ClInclude Include="src\patches\TES\BSTLocklessQueue.h">
      <Filter>Header Files</Filter>
    </ClInclude>
    <ClInclude Include="src\patches\TES\BSCullingProcess.h">
      <Filter>Header Files</Filter>
    </ClInclude>
    <ClInclude Include="src\patches\TES\MOC_ThreadedMerger.h">
      <Filter>Header Files</Filter>
    </ClInclude>
    <ClInclude Include="src\ui\imgui_impl_win32.h">
      <Filter>Header Files</Filter>
    </ClInclude>
    <ClInclude Include="src\ui\ui_tracy.h">
      <Filter>Header Files</Filter>
    </ClInclude>
    <ClInclude Include="src\patches\TES\BSJobs.h">
      <Filter>Header Files</Filter>
    </ClInclude>
    <ClInclude Include="src\config.h">
      <Filter>Header Files</Filter>
    </ClInclude>
    <ClInclude Include="src\patches\TES\BSTaskManager.h">
      <Filter>Header Files</Filter>
    </ClInclude>
    <ClInclude Include="src\typeinfo\hk_rtti.h">
      <Filter>Header Files</Filter>
    </ClInclude>
    <ClInclude Include="src\typeinfo\ms_rtti.h">
      <Filter>Header Files</Filter>
    </ClInclude>
    <ClInclude Include="src\patches\TES\Console.h">
      <Filter>Header Files</Filter>
    </ClInclude>
    <ClInclude Include="src\patches\TES\BSGraphicsState.h">
      <Filter>Header Files</Filter>
    </ClInclude>
    <ClInclude Include="src\patches\TES\NiMain\NiPointer.h">
      <Filter>Header Files</Filter>
    </ClInclude>
    <ClInclude Include="src\patches\TES\NavMesh.h">
      <Filter>Header Files</Filter>
    </ClInclude>
    <ClInclude Include="src\patches\INIReader.h">
      <Filter>Header Files</Filter>
    </ClInclude>
    <ClInclude Include="src\patches\TES\TESForm_CK.h">
      <Filter>Header Files</Filter>
    </ClInclude>
    <ClInclude Include="src\patches\TES\bhkThreadMemorySource.h">
      <Filter>Header Files</Filter>
    </ClInclude>
    <ClInclude Include="src\INIReader.h">
      <Filter>Header Files</Filter>
    </ClInclude>
    <ClInclude Include="src\patches\TES\BSShader\Shaders\BSLightingShaderMaterial.h">
      <Filter>Header Files</Filter>
    </ClInclude>
    <ClInclude Include="resource.h">
      <Filter>Header Files</Filter>
    </ClInclude>
    <ClInclude Include="src\patches\TES\BSShader\Shaders\BSEffectShaderMaterial.h">
      <Filter>Header Files</Filter>
    </ClInclude>
    <ClInclude Include="src\patches\TES\TES.h">
      <Filter>Header Files</Filter>
    </ClInclude>
    <ClInclude Include="src\patches\TES\NiMain\NiPick.h">
      <Filter>Header Files</Filter>
    </ClInclude>
    <ClInclude Include="src\patches\TES\NiMain\NiCollisionUtils.h">
      <Filter>Header Files</Filter>
    </ClInclude>
    <ClInclude Include="src\patches\CKSSE\BSGraphicsRenderTargetManager_CK.h">
      <Filter>Header Files</Filter>
    </ClInclude>
    <ClInclude Include="src\patches\CKSSE\BSShaderResourceManager_CK.h">
      <Filter>Header Files</Filter>
    </ClInclude>
    <ClInclude Include="src\patches\CKSSE\Editor.h">
      <Filter>Header Files</Filter>
    </ClInclude>
    <ClInclude Include="src\patches\CKSSE\EditorUI.h">
      <Filter>Header Files</Filter>
    </ClInclude>
    <ClInclude Include="src\patches\CKSSE\Experimental.h">
      <Filter>Header Files</Filter>
    </ClInclude>
    <ClInclude Include="src\patches\CKSSE\LogWindow.h">
      <Filter>Header Files</Filter>
    </ClInclude>
    <ClInclude Include="src\patches\CKSSE\NavMesh.h">
      <Filter>Header Files</Filter>
    </ClInclude>
    <ClInclude Include="src\patches\CKSSE\TESFile_CK.h">
      <Filter>Header Files</Filter>
    </ClInclude>
    <ClInclude Include="src\patches\CKSSE\TESForm_CK.h">
      <Filter>Header Files</Filter>
    </ClInclude>
    <ClInclude Include="src\patches\CKSSE\TESWater.h">
      <Filter>Header Files</Filter>
    </ClInclude>
    <ClInclude Include="src\patches\CKSSE\BSHandleRefObject_CK.h">
      <Filter>Header Files</Filter>
    </ClInclude>
    <ClInclude Include="src\patches\CKSSE\BSPointerHandleManager.h">
      <Filter>Header Files</Filter>
    </ClInclude>
    <ClInclude Include="src\patches\offsets.h">
      <Filter>Header Files</Filter>
    </ClInclude>
    <ClInclude Include="src\patches\CKSSE\BSRenderPass_CK.h">
      <Filter>Header Files</Filter>
    </ClInclude>
    <ClInclude Include="src\patches\CKSSE\EditorUIDarkMode.h">
      <Filter>Header Files</Filter>
    </ClInclude>
  </ItemGroup>
  <ItemGroup>
    <ClCompile Include="src\dllmain.cpp">
      <Filter>Source Files</Filter>
    </ClCompile>
    <ClCompile Include="src\dump.cpp">
      <Filter>Source Files\patches</Filter>
    </ClCompile>
    <ClCompile Include="src\patches\settings.cpp">
      <Filter>Source Files\patches</Filter>
    </ClCompile>
    <ClCompile Include="src\patches\threading.cpp">
      <Filter>Source Files\patches</Filter>
    </ClCompile>
    <ClCompile Include="src\patches\window.cpp">
      <Filter>Source Files\patches</Filter>
    </ClCompile>
    <ClCompile Include="src\patches\dinput8.cpp">
      <Filter>Source Files\patches</Filter>
    </ClCompile>
    <ClCompile Include="src\patches\TES\BSReadWriteLock.cpp">
      <Filter>Source Files\patches</Filter>
    </ClCompile>
    <ClCompile Include="src\patches\TES\TESForm.cpp">
      <Filter>Source Files\patches</Filter>
    </ClCompile>
    <ClCompile Include="src\profiler.cpp">
      <Filter>Source Files</Filter>
    </ClCompile>
    <ClCompile Include="src\patches\achievements.cpp">
      <Filter>Source Files</Filter>
    </ClCompile>
    <ClCompile Include="src\xutil.cpp">
      <Filter>Source Files</Filter>
    </ClCompile>
    <ClCompile Include="src\patches\TES\MemoryManager.cpp">
      <Filter>Source Files\patches</Filter>
    </ClCompile>
    <ClCompile Include="src\patches\TES\BSThread_Win32.cpp">
      <Filter>Source Files</Filter>
    </ClCompile>
    <ClCompile Include="src\vfs\vfs.cpp">
      <Filter>Source Files</Filter>
    </ClCompile>
    <ClCompile Include="src\vfs\vfs_hook.cpp">
      <Filter>Source Files</Filter>
    </ClCompile>
    <ClCompile Include="src\vfs\vfs_util.cpp">
      <Filter>Source Files</Filter>
    </ClCompile>
    <ClCompile Include="src\patches\steam.cpp">
      <Filter>Source Files</Filter>
    </ClCompile>
    <ClCompile Include="src\ui\imgui_impl_dx11.cpp">
      <Filter>Source Files</Filter>
    </ClCompile>
    <ClCompile Include="src\ui\ui.cpp">
      <Filter>Source Files</Filter>
    </ClCompile>
    <ClCompile Include="src\ui\imgui_ext.cpp">
      <Filter>Source Files</Filter>
    </ClCompile>
    <ClCompile Include="src\patches\TES\BSGraphicsRenderTargetManager.cpp">
      <Filter>Source Files</Filter>
    </ClCompile>
    <ClCompile Include="src\patches\logging.cpp">
      <Filter>Source Files</Filter>
    </ClCompile>
    <ClCompile Include="src\patches\rendering\d3d11.cpp">
      <Filter>Source Files\patches</Filter>
    </ClCompile>
    <ClCompile Include="src\patches\rendering\codegen.cpp">
      <Filter>Source Files</Filter>
    </ClCompile>
    <ClCompile Include="src\patches\rendering\d3d11_tls.cpp">
      <Filter>Source Files</Filter>
    </ClCompile>
    <ClCompile Include="src\patches\TES\BSSpinLock.cpp">
      <Filter>Source Files</Filter>
    </ClCompile>
    <ClCompile Include="src\patches\TES\BSBatchRenderer.cpp">
      <Filter>Source Files</Filter>
    </ClCompile>
    <ClCompile Include="src\patches\TES\BSShader\BSShader.cpp">
      <Filter>Source Files</Filter>
    </ClCompile>
    <ClCompile Include="src\patches\TES\BSShader\BSShaderManager.cpp">
      <Filter>Source Files</Filter>
    </ClCompile>
    <ClCompile Include="src\patches\TES\BSShader\Shaders\BSBloodSplatterShader.cpp">
      <Filter>Source Files</Filter>
    </ClCompile>
    <ClCompile Include="src\patches\TES\BSShader\BSShaderRenderTargets.cpp">
      <Filter>Source Files</Filter>
    </ClCompile>
    <ClCompile Include="src\patches\TES\BSShader\BSShaderAccumulator.cpp">
      <Filter>Source Files</Filter>
    </ClCompile>
    <ClCompile Include="src\patches\TES\BSShader\BSShaderProperty.cpp">
      <Filter>Source Files</Filter>
    </ClCompile>
    <ClCompile Include="src\patches\TES\BSGraphicsRenderer.cpp">
      <Filter>Source Files</Filter>
    </ClCompile>
    <ClCompile Include="src\patches\TES\BSShader\BSShaderUtil.cpp">
      <Filter>Source Files</Filter>
    </ClCompile>
    <ClCompile Include="src\patches\TES\BSShader\Shaders\BSDistantTreeShader.cpp">
      <Filter>Source Files</Filter>
    </ClCompile>
    <ClCompile Include="src\patches\TES\BSShader\Shaders\BSSkyShader.cpp">
      <Filter>Source Files</Filter>
    </ClCompile>
    <ClCompile Include="src\patches\TES\BSShader\Shaders\BSGrassShader.cpp">
      <Filter>Source Files</Filter>
    </ClCompile>
    <ClCompile Include="src\patches\TES\BSShader\Shaders\BSLightingShader.cpp">
      <Filter>Source Files</Filter>
    </ClCompile>
    <ClCompile Include="src\patches\TES\MTRenderer.cpp">
      <Filter>Source Files</Filter>
    </ClCompile>
    <ClCompile Include="src\patches\rendering\GpuCircularBuffer.cpp">
      <Filter>Source Files</Filter>
    </ClCompile>
    <ClCompile Include="src\patches\rendering\GpuTimer.cpp">
      <Filter>Source Files</Filter>
    </ClCompile>
    <ClCompile Include="src\patches\TES\BSShader\BSShader_Dumper.cpp">
      <Filter>Source Files</Filter>
    </ClCompile>
    <ClCompile Include="src\patches\TES\BGSDistantTreeBlock.cpp">
      <Filter>Source Files</Filter>
    </ClCompile>
    <ClCompile Include="src\patches\TES\NiMain\NiMain.cpp">
      <Filter>Source Files</Filter>
    </ClCompile>
    <ClCompile Include="src\patches\rendering\d3d11_proxy.cpp">
      <Filter>Source Files</Filter>
    </ClCompile>
    <ClCompile Include="src\patches\TES\BSShader\Shaders\BSParticleShader.cpp">
      <Filter>Source Files</Filter>
    </ClCompile>
    <ClCompile Include="src\patches\fileio.cpp">
      <Filter>Source Files</Filter>
    </ClCompile>
    <ClCompile Include="src\patches\TES\Setting.cpp">
      <Filter>Source Files</Filter>
    </ClCompile>
    <ClCompile Include="src\ui\ui_renderer.cpp">
      <Filter>Source Files</Filter>
    </ClCompile>
    <ClCompile Include="src\patches\TES\MOC.cpp">
      <Filter>Source Files</Filter>
    </ClCompile>
    <ClCompile Include="src\patches\TES\NiMain\NiRTTI.cpp">
      <Filter>Source Files</Filter>
    </ClCompile>
    <ClCompile Include="src\patches\TES\MOC_ThreadedMerger.cpp">
      <Filter>Source Files</Filter>
    </ClCompile>
    <ClCompile Include="src\ui\imgui_impl_win32.cpp">
      <Filter>Source Files</Filter>
    </ClCompile>
    <ClCompile Include="src\ui\ui_tracy.cpp">
      <Filter>Source Files</Filter>
    </ClCompile>
    <ClCompile Include="src\patches\TES\BSJobs.cpp">
      <Filter>Source Files</Filter>
    </ClCompile>
    <ClCompile Include="src\patches\TES\BSTaskManager.cpp">
      <Filter>Source Files</Filter>
    </ClCompile>
    <ClCompile Include="src\patches\rendering\d3d11_dc.cpp">
      <Filter>Source Files</Filter>
    </ClCompile>
    <ClCompile Include="src\typeinfo\hk_rtti.cpp">
      <Filter>Source Files</Filter>
    </ClCompile>
    <ClCompile Include="src\typeinfo\ms_rtti.cpp">
      <Filter>Source Files</Filter>
    </ClCompile>
    <ClCompile Include="src\typeinfo\ni_rtti.cpp">
      <Filter>Source Files</Filter>
    </ClCompile>
    <ClCompile Include="src\patches\TES\Console.cpp">
      <Filter>Source Files</Filter>
    </ClCompile>
    <ClCompile Include="src\common.cpp">
      <Filter>Source Files</Filter>
    </ClCompile>
    <ClCompile Include="src\patches\TES\BSGraphicsState.cpp">
      <Filter>Source Files</Filter>
    </ClCompile>
    <ClCompile Include="src\patches\patches_tes.cpp">
      <Filter>Source Files</Filter>
    </ClCompile>
    <ClCompile Include="src\patches\TES\bhkThreadMemorySource.cpp">
      <Filter>Source Files</Filter>
    </ClCompile>
    <ClCompile Include="src\winhttp_exports.cpp">
      <Filter>Source Files</Filter>
    </ClCompile>
    <ClCompile Include="src\patches\bnet.cpp">
      <Filter>Source Files</Filter>
    </ClCompile>
    <ClCompile Include="src\patches\TES\NiMain\NiCollisionUtils.cpp">
      <Filter>Source Files</Filter>
    </ClCompile>
    <ClCompile Include="src\patches\CKSSE\BSGraphicsRenderTargetManager_CK.cpp">
      <Filter>Source Files</Filter>
    </ClCompile>
    <ClCompile Include="src\patches\CKSSE\BSShaderResourceManager_CK.cpp">
      <Filter>Source Files</Filter>
    </ClCompile>
    <ClCompile Include="src\patches\CKSSE\LogWindow.cpp">
      <Filter>Source Files</Filter>
    </ClCompile>
    <ClCompile Include="src\patches\CKSSE\TESFile_CK.cpp">
      <Filter>Source Files</Filter>
    </ClCompile>
    <ClCompile Include="src\patches\CKSSE\Editor.cpp">
      <Filter>Source Files</Filter>
    </ClCompile>
    <ClCompile Include="src\patches\CKSSE\EditorUI.cpp">
      <Filter>Source Files</Filter>
    </ClCompile>
    <ClCompile Include="src\patches\CKSSE\TESForm_CK.cpp">
      <Filter>Source Files</Filter>
    </ClCompile>
    <ClCompile Include="src\patches\CKSSE\Experimental.cpp">
      <Filter>Source Files</Filter>
    </ClCompile>
    <ClCompile Include="src\patches\patches_sseck.cpp">
      <Filter>Source Files</Filter>
    </ClCompile>
    <ClCompile Include="src\patches\CKSSE\BSPointerHandleManager.cpp">
      <Filter>Source Files</Filter>
    </ClCompile>
    <ClCompile Include="src\patches\offsets.cpp">
      <Filter>Source Files</Filter>
    </ClCompile>
    <ClCompile Include="src\patches\CKSSE\BSRenderPass_CK.cpp">
      <Filter>Source Files</Filter>
    </ClCompile>
    <ClCompile Include="src\patches\TES\BSRenderPass.cpp">
      <Filter>Source Files</Filter>
    </ClCompile>
    <ClCompile Include="src\patches\CKSSE\EditorUIDarkMode.cpp">
      <Filter>Source Files</Filter>
    </ClCompile>
  </ItemGroup>
  <ItemGroup>
    <None Include="src\patches\rendering\d3d11_tls_patchlist.inl">
      <Filter>Header Files</Filter>
    </None>
    <None Include="src\patches\rendering\d3d11_tls_xreflist.inl">
      <Filter>Header Files</Filter>
    </None>
    <None Include="src\patches\TES\BSShader\BSShaderConstants.inl">
      <Filter>Header Files</Filter>
    </None>
    <None Include="src\patches\TES\BSShader\BSShaderManagerInfo.inl">
      <Filter>Header Files</Filter>
    </None>
    <None Include="src\patches\rendering\d3d11_codegen_tables.inl">
      <Filter>Header Files</Filter>
    </None>
    <None Include="src\patches\TES\NiMain\NiRTTI.inl">
      <Filter>Header Files</Filter>
    </None>
    <None Include="src\typeinfo\ni_rtti.inl">
      <Filter>Header Files</Filter>
    </None>
  </ItemGroup>
  <ItemGroup>
    <ResourceCompile Include="resource.rc" />
  </ItemGroup>
</Project>