<?xml version="1.0" encoding="utf-8"?>
<Project ToolsVersion="4.0" xmlns="http://schemas.microsoft.com/developer/msbuild/2003">
  <ItemGroup>
    <Filter Include="Source Files">
      <UniqueIdentifier>{4FC737F1-C7A5-4376-A066-2A32D752A2FF}</UniqueIdentifier>
      <Extensions>cpp;c;cc;cxx;def;odl;idl;hpj;bat;asm;asmx</Extensions>
    </Filter>
    <Filter Include="Header Files">
      <UniqueIdentifier>{93995380-89BD-4b04-88EB-625FBE52EBFB}</UniqueIdentifier>
      <Extensions>h;hh;hpp;hxx;hm;inl;inc;xsd</Extensions>
    </Filter>
    <Filter Include="Source Files\patches">
      <UniqueIdentifier>{6ecca651-f6ac-4430-b4b5-a9d5fb31e2fc}</UniqueIdentifier>
    </Filter>
  </ItemGroup>
  <ItemGroup>
    <ClCompile Include="src\common.cpp">
      <Filter>Source Files</Filter>
    </ClCompile>
    <ClCompile Include="src\d3d9.cpp">
      <Filter>Source Files</Filter>
    </ClCompile>
    <ClCompile Include="src\dllmain.cpp">
      <Filter>Source Files</Filter>
    </ClCompile>
    <ClCompile Include="src\dump.cpp">
      <Filter>Source Files</Filter>
    </ClCompile>
    <ClCompile Include="src\xutil.cpp">
      <Filter>Source Files</Filter>
    </ClCompile>
    <ClCompile Include="src\patches\experimental.cpp">
      <Filter>Source Files</Filter>
    </ClCompile>
    <ClCompile Include="src\patches\TES\MemoryManager.cpp">
      <Filter>Source Files</Filter>
    </ClCompile>
    <ClCompile Include="src\patches\TES\NiMain\NiRTTI.cpp">
      <Filter>Source Files</Filter>
    </ClCompile>
    <ClCompile Include="src\patches\fileio.cpp">
      <Filter>Source Files</Filter>
    </ClCompile>
    <ClCompile Include="src\patches\threading.cpp">
      <Filter>Source Files</Filter>
    </ClCompile>
    <ClCompile Include="src\patches\steam.cpp">
      <Filter>Source Files</Filter>
    </ClCompile>
    <ClCompile Include="src\typeinfo\hk_rtti.cpp">
      <Filter>Source Files</Filter>
    </ClCompile>
    <ClCompile Include="src\typeinfo\ms_rtti.cpp">
      <Filter>Source Files</Filter>
    </ClCompile>
    <ClCompile Include="src\typeinfo\ni_rtti.cpp">
      <Filter>Source Files</Filter>
    </ClCompile>
    <ClCompile Include="src\patches\patches_ckit.cpp">
      <Filter>Source Files</Filter>
    </ClCompile>
    <ClCompile Include="src\patches\CKIT\Editor.cpp">
      <Filter>Source Files</Filter>
    </ClCompile>
    <ClCompile Include="src\patches\CKIT\TESForm_CK.cpp">
      <Filter>Source Files</Filter>
    </ClCompile>
    <ClCompile Include="src\patches\CKIT\EditorUI.cpp">
      <Filter>Source Files</Filter>
    </ClCompile>
    <ClCompile Include="src\patches\TES\bhkThreadMemorySource.cpp">
      <Filter>Source Files</Filter>
    </ClCompile>
  </ItemGroup>
  <ItemGroup>
    <ClInclude Include="src\common.h">
      <Filter>Header Files</Filter>
    </ClInclude>
    <ClInclude Include="src\config.h">
      <Filter>Header Files</Filter>
    </ClInclude>
    <ClInclude Include="src\dump.h">
      <Filter>Header Files</Filter>
    </ClInclude>
    <ClInclude Include="src\xutil.h">
      <Filter>Header Files</Filter>
    </ClInclude>
    <ClInclude Include="src\patches\TES\MemoryManager.h">
      <Filter>Header Files</Filter>
    </ClInclude>
    <ClInclude Include="src\patches\TES\NiMain\NiRTTI.h">
      <Filter>Header Files</Filter>
    </ClInclude>
    <ClInclude Include="src\typeinfo\hk_rtti.h">
      <Filter>Header Files</Filter>
    </ClInclude>
    <ClInclude Include="src\typeinfo\ms_rtti.h">
      <Filter>Header Files</Filter>
    </ClInclude>
    <ClInclude Include="src\patches\CKIT\NavMesh.h">
      <Filter>Header Files</Filter>
    </ClInclude>
    <ClInclude Include="src\patches\CKIT\TESForm_CK.h">
      <Filter>Header Files</Filter>
    </ClInclude>
    <ClInclude Include="src\patches\CKIT\Editor.h">
      <Filter>Header Files</Filter>
    </ClInclude>
    <ClInclude Include="src\patches\CKIT\EditorUI.h">
      <Filter>Header Files</Filter>
    </ClInclude>
    <ClInclude Include="src\patches\TES\bhkThreadMemorySource.h">
      <Filter>Header Files</Filter>
    </ClInclude>
    <ClInclude Include="src\INIReader.h">
      <Filter>Header Files</Filter>
    </ClInclude>
  </ItemGroup>
  <ItemGroup>
    <None Include="src\patches\TES\NiMain\NiRTTI.inl">
      <Filter>Header Files</Filter>
    </None>
    <None Include="src\typeinfo\ni_rtti.inl">
      <Filter>Header Files</Filter>
    </None>
  </ItemGroup>
</Project>