<?xml version="1.0" encoding="utf-8"?>
<Project ToolsVersion="4.0" xmlns="http://schemas.microsoft.com/developer/msbuild/2003">
  <ItemGroup>
    <ClCompile Include="zydis\src\Decoder.c" />
    <ClCompile Include="zydis\src\DecoderData.c" />
    <ClCompile Include="zydis\src\Formatter.c" />
    <ClCompile Include="zydis\src\MetaInfo.c" />
    <ClCompile Include="zydis\src\Mnemonic.c" />
    <ClCompile Include="zydis\src\Register.c" />
    <ClCompile Include="zydis\src\SharedData.c" />
    <ClCompile Include="zydis\src\String.c" />
    <ClCompile Include="zydis\src\Utils.c" />
    <ClCompile Include="zydis\src\Zydis.c" />
  </ItemGroup>
  <ItemGroup>
    <ResourceCompile Include="zydis\src\VersionInfo.rc" />
  </ItemGroup>
</Project>